
Microsoft Visual Studio Solution File, Format Version 12.00
# Visual Studio Version 17
VisualStudioVersion = 17.9.34407.89
MinimumVisualStudioVersion = 10.0.40219.1
Project("{FAE04EC0-301F-11D3-BF4B-00C04F79EFBC}") = "Webservice", "Webservice\Webservice.csproj", "{3468A734-C424-4D7C-862E-481D23B32B47}"
EndProject
Project("{FAE04EC0-301F-11D3-BF4B-00C04F79EFBC}") = "LoggingService", "LoggingService\LoggingService.csproj", "{2FD8A10A-29BB-4EEB-AEE5-80B8E15602AD}"
EndProject
Project("{FAE04EC0-301F-11D3-BF4B-00C04F79EFBC}") = "ExceptionsService", "ExceptionsService\ExceptionsService.csproj", "{2D77C964-FCFC-4BD0-9C3A-DF6B3E006CAD}"
EndProject
Global
	GlobalSection(SolutionConfigurationPlatforms) = preSolution
		Debug|Any CPU = Debug|Any CPU
		Release|Any CPU = Release|Any CPU
	EndGlobalSection
	GlobalSection(ProjectConfigurationPlatforms) = postSolution
		{3468A734-C424-4D7C-862E-481D23B32B47}.Debug|Any CPU.ActiveCfg = Debug|Any CPU
		{3468A734-C424-4D7C-862E-481D23B32B47}.Debug|Any CPU.Build.0 = Debug|Any CPU
		{3468A734-C424-4D7C-862E-481D23B32B47}.Release|Any CPU.ActiveCfg = Release|Any CPU
		{3468A734-C424-4D7C-862E-481D23B32B47}.Release|Any CPU.Build.0 = Release|Any CPU
		{2FD8A10A-29BB-4EEB-AEE5-80B8E15602AD}.Debug|Any CPU.ActiveCfg = Debug|Any CPU
		{2FD8A10A-29BB-4EEB-AEE5-80B8E15602AD}.Debug|Any CPU.Build.0 = Debug|Any CPU
		{2FD8A10A-29BB-4EEB-AEE5-80B8E15602AD}.Release|Any CPU.ActiveCfg = Release|Any CPU
		{2FD8A10A-29BB-4EEB-AEE5-80B8E15602AD}.Release|Any CPU.Build.0 = Release|Any CPU
		{2D77C964-FCFC-4BD0-9C3A-DF6B3E006CAD}.Debug|Any CPU.ActiveCfg = Debug|Any CPU
		{2D77C964-FCFC-4BD0-9C3A-DF6B3E006CAD}.Debug|Any CPU.Build.0 = Debug|Any CPU
		{2D77C964-FCFC-4BD0-9C3A-DF6B3E006CAD}.Release|Any CPU.ActiveCfg = Release|Any CPU
		{2D77C964-FCFC-4BD0-9C3A-DF6B3E006CAD}.Release|Any CPU.Build.0 = Release|Any CPU
	EndGlobalSection
	GlobalSection(SolutionProperties) = preSolution
		HideSolutionNode = FALSE
	EndGlobalSection
	GlobalSection(ExtensibilityGlobals) = postSolution
		SolutionGuid = {B3AD7ACD-C32A-4B56-A4CE-DE8E0B4F3D42}
	EndGlobalSection
EndGlobal
